<?xml version="1.0" encoding="utf-8"?>
<Project ToolsVersion="4.0" xmlns="http://schemas.microsoft.com/developer/msbuild/2003">
  <ItemGroup>
    <Filter Include="Salmon">
      <UniqueIdentifier>{2F9193D0-1B33-BEA6-04EE-D1FAF02E45F7}</UniqueIdentifier>
    </Filter>
  </ItemGroup>
  <ItemGroup>
    <ClInclude Include="src\Salmon.h" />
    <ClInclude Include="src\Salmon\Application.h">
      <Filter>Salmon</Filter>
    </ClInclude>
    <ClInclude Include="src\Salmon\Core.h">
      <Filter>Salmon</Filter>
    </ClInclude>
    <ClInclude Include="src\Salmon\EntryPoint.h">
      <Filter>Salmon</Filter>
    </ClInclude>
    <ClInclude Include="src\Salmon\Log.h">
      <Filter>Salmon</Filter>
    </ClInclude>
  </ItemGroup>
  <ItemGroup>
    <ClCompile Include="src\Salmon\Application.cpp">
      <Filter>Salmon</Filter>
    </ClCompile>
    <ClCompile Include="src\Salmon\Log.cpp">
      <Filter>Salmon</Filter>
    </ClCompile>
  </ItemGroup>
</Project>